// !$*UTF8*$!
{
	archiveVersion = 1;
	classes = {
	};
	objectVersion = 46;
	objects = {

/* Begin PBXBuildFile section */
		04A823261D7410BA000E5AD4 /* AppDelegate.swift in Sources */ = {isa = PBXBuildFile; fileRef = 04A823251D7410BA000E5AD4 /* AppDelegate.swift */; };
		04A823281D7410BA000E5AD4 /* ViewController.swift in Sources */ = {isa = PBXBuildFile; fileRef = 04A823271D7410BA000E5AD4 /* ViewController.swift */; };
		04A8232B1D7410BA000E5AD4 /* Main.storyboard in Resources */ = {isa = PBXBuildFile; fileRef = 04A823291D7410BA000E5AD4 /* Main.storyboard */; };
		04A8232D1D7410BA000E5AD4 /* Assets.xcassets in Resources */ = {isa = PBXBuildFile; fileRef = 04A8232C1D7410BA000E5AD4 /* Assets.xcassets */; };
		04A823301D7410BA000E5AD4 /* LaunchScreen.storyboard in Resources */ = {isa = PBXBuildFile; fileRef = 04A8232E1D7410BA000E5AD4 /* LaunchScreen.storyboard */; };
/* End PBXBuildFile section */

/* Begin PBXFileReference section */
		04A823221D7410B9000E5AD4 /* ExpandableCell.app */ = {isa = PBXFileReference; explicitFileType = wrapper.application; includeInIndex = 0; path = ExpandableCell.app; sourceTree = BUILT_PRODUCTS_DIR; };
		04A823251D7410BA000E5AD4 /* AppDelegate.swift */ = {isa = PBXFileReference; lastKnownFileType = sourcecode.swift; path = AppDelegate.swift; sourceTree = "<group>"; };
		04A823271D7410BA000E5AD4 /* ViewController.swift */ = {isa = PBXFileReference; lastKnownFileType = sourcecode.swift; path = ViewController.swift; sourceTree = "<group>"; };
		04A8232A1D7410BA000E5AD4 /* Base */ = {isa = PBXFileReference; lastKnownFileType = file.storyboard; name = Base; path = Base.lproj/Main.storyboard; sourceTree = "<group>"; };
		04A8232C1D7410BA000E5AD4 /* Assets.xcassets */ = {isa = PBXFileReference; lastKnownFileType = folder.assetcatalog; path = Assets.xcassets; sourceTree = "<group>"; };
		04A8232F1D7410BA000E5AD4 /* Base */ = {isa = PBXFileReference; lastKnownFileType = file.storyboard; name = Base; path = Base.lproj/LaunchScreen.storyboard; sourceTree = "<group>"; };
		04A823311D7410BA000E5AD4 /* Info.plist */ = {isa = PBXFileReference; lastKnownFileType = text.plist.xml; path = Info.plist; sourceTree = "<group>"; };
/* End PBXFileReference section */

/* Begin PBXFrameworksBuildPhase section */
		04A8231F1D7410B9000E5AD4 /* Frameworks */ = {
			isa = PBXFrameworksBuildPhase;
			buildActionMask = 2147483647;
			files = (
			);
			runOnlyForDeploymentPostprocessing = 0;
		};
/* End PBXFrameworksBuildPhase section */

/* Begin PBXGroup section */
		04A823191D7410B9000E5AD4 = {
			isa = PBXGroup;
			children = (
				04A823241D7410BA000E5AD4 /* ExpandableCell */,
				04A823231D7410B9000E5AD4 /* Products */,
			);
			sourceTree = "<group>";
		};
		04A823231D7410B9000E5AD4 /* Products */ = {
			isa = PBXGroup;
			children = (
				04A823221D7410B9000E5AD4 /* ExpandableCell.app */,
			);
			name = Products;
			sourceTree = "<group>";
		};
		04A823241D7410BA000E5AD4 /* ExpandableCell */ = {
			isa = PBXGroup;
			children = (
				04A823251D7410BA000E5AD4 /* AppDelegate.swift */,
				04A823271D7410BA000E5AD4 /* ViewController.swift */,
				04A823291D7410BA000E5AD4 /* Main.storyboard */,
				04A8232C1D7410BA000E5AD4 /* Assets.xcassets */,
				04A8232E1D7410BA000E5AD4 /* LaunchScreen.storyboard */,
				04A823311D7410BA000E5AD4 /* Info.plist */,
			);
			path = ExpandableCell;
			sourceTree = "<group>";
		};
/* End PBXGroup section */

/* Begin PBXNativeTarget section */
		04A823211D7410B9000E5AD4 /* ExpandableCell */ = {
			isa = PBXNativeTarget;
			buildConfigurationList = 04A823341D7410BA000E5AD4 /* Build configuration list for PBXNativeTarget "ExpandableCell" */;
			buildPhases = (
				04A8231E1D7410B9000E5AD4 /* Sources */,
				04A8231F1D7410B9000E5AD4 /* Frameworks */,
				04A823201D7410B9000E5AD4 /* Resources */,
			);
			buildRules = (
			);
			dependencies = (
			);
			name = ExpandableCell;
			productName = ExpandableCell;
			productReference = 04A823221D7410B9000E5AD4 /* ExpandableCell.app */;
			productType = "com.apple.product-type.application";
		};
/* End PBXNativeTarget section */

/* Begin PBXProject section */
		04A8231A1D7410B9000E5AD4 /* Project object */ = {
			isa = PBXProject;
			attributes = {
				LastSwiftUpdateCheck = 0730;
				LastUpgradeCheck = 0730;
				ORGANIZATIONNAME = mac;
				TargetAttributes = {
					04A823211D7410B9000E5AD4 = {
						CreatedOnToolsVersion = 7.3;
					};
				};
			};
			buildConfigurationList = 04A8231D1D7410B9000E5AD4 /* Build configuration list for PBXProject "ExpandableCell" */;
			compatibilityVersion = "Xcode 3.2";
			developmentRegion = English;
			hasScannedForEncodings = 0;
			knownRegions = (
				en,
				Base,
			);
			mainGroup = 04A823191D7410B9000E5AD4;
			productRefGroup = 04A823231D7410B9000E5AD4 /* Products */;
			projectDirPath = "";
			projectRoot = "";
			targets = (
				04A823211D7410B9000E5AD4 /* ExpandableCell */,
			);
		};
/* End PBXProject section */

/* Begin PBXResourcesBuildPhase section */
		04A823201D7410B9000E5AD4 /* Resources */ = {
			isa = PBXResourcesBuildPhase;
			buildActionMask = 2147483647;
			files = (
				04A823301D7410BA000E5AD4 /* LaunchScreen.storyboard in Resources */,
				04A8232D1D7410BA000E5AD4 /* Assets.xcassets in Resources */,
				04A8232B1D7410BA000E5AD4 /* Main.storyboard in Resources */,
			);
			runOnlyForDeploymentPostprocessing = 0;
		};
/* End PBXResourcesBuildPhase section */

/* Begin PBXSourcesBuildPhase section */
		04A8231E1D7410B9000E5AD4 /* Sources */ = {
			isa = PBXSourcesBuildPhase;
			buildActionMask = 2147483647;
			files = (
				04A823281D7410BA000E5AD4 /* ViewController.swift in Sources */,
				04A823261D7410BA000E5AD4 /* AppDelegate.swift in Sources */,
			);
			runOnlyForDeploymentPostprocessing = 0;
		};
/* End PBXSourcesBuildPhase section */

/* Begin PBXVariantGroup section */
		04A823291D7410BA000E5AD4 /* Main.storyboard */ = {
			isa = PBXVariantGroup;
			children = (
				04A8232A1D7410BA000E5AD4 /* Base */,
			);
			name = Main.storyboard;
			sourceTree = "<group>";
		};
		04A8232E1D7410BA000E5AD4 /* LaunchScreen.storyboard */ = {
			isa = PBXVariantGroup;
			children = (
				04A8232F1D7410BA000E5AD4 /* Base */,
			);
			name = LaunchScreen.storyboard;
			sourceTree = "<group>";
		};
/* End PBXVariantGroup section */

/* Begin XCBuildConfiguration section */
		04A823321D7410BA000E5AD4 /* Debug */ = {
			isa = XCBuildConfiguration;
			buildSettings = {
				ALWAYS_SEARCH_USER_PATHS = NO;
				CLANG_ANALYZER_NONNULL = YES;
				CLANG_CXX_LANGUAGE_STANDARD = "gnu++0x";
				CLANG_CXX_LIBRARY = "libc++";
				CLANG_ENABLE_MODULES = YES;
				CLANG_ENABLE_OBJC_ARC = YES;
				CLANG_WARN_BOOL_CONVERSION = YES;
				CLANG_WARN_CONSTANT_CONVERSION = YES;
				CLANG_WARN_DIRECT_OBJC_ISA_USAGE = YES_ERROR;
				CLANG_WARN_EMPTY_BODY = YES;
				CLANG_WARN_ENUM_CONVERSION = YES;
				CLANG_WARN_INT_CONVERSION = YES;
				CLANG_WARN_OBJC_ROOT_CLASS = YES_ERROR;
				CLANG_WARN_UNREACHABLE_CODE = YES;
				CLANG_WARN__DUPLICATE_METHOD_MATCH = YES;
				CODE_SIGN_IDENTITY = "iPhone Developer: Rajneesh Vyas (93BP7TD92A)";
				"CODE_SIGN_IDENTITY[sdk=iphoneos*]" = "iPhone Developer: Rajneesh Vyas (93BP7TD92A)";
				COPY_PHASE_STRIP = NO;
				DEBUG_INFORMATION_FORMAT = dwarf;
				ENABLE_STRICT_OBJC_MSGSEND = YES;
				ENABLE_TESTABILITY = YES;
				GCC_C_LANGUAGE_STANDARD = gnu99;
				GCC_DYNAMIC_NO_PIC = NO;
				GCC_NO_COMMON_BLOCKS = YES;
				GCC_OPTIMIZATION_LEVEL = 0;
				GCC_PREPROCESSOR_DEFINITIONS = (
					"DEBUG=1",
					"$(inherited)",
				);
				GCC_WARN_64_TO_32_BIT_CONVERSION = YES;
				GCC_WARN_ABOUT_RETURN_TYPE = YES_ERROR;
				GCC_WARN_UNDECLARED_SELECTOR = YES;
				GCC_WARN_UNINITIALIZED_AUTOS = YES_AGGRESSIVE;
				GCC_WARN_UNUSED_FUNCTION = YES;
				GCC_WARN_UNUSED_VARIABLE = YES;
				IPHONEOS_DEPLOYMENT_TARGET = 9.3;
				MTL_ENABLE_DEBUG_INFO = YES;
				ONLY_ACTIVE_ARCH = YES;
				PROVISIONING_PROFILE = "75c47475-c53a-4950-8789-61715b4793f6";
				SDKROOT = iphoneos;
				SWIFT_OPTIMIZATION_LEVEL = "-Onone";
				TARGETED_DEVICE_FAMILY = "1,2";
			};
			name = Debug;
		};
		04A823331D7410BA000E5AD4 /* Release */ = {
			isa = XCBuildConfiguration;
			buildSettings = {
				ALWAYS_SEARCH_USER_PATHS = NO;
				CLANG_ANALYZER_NONNULL = YES;
				CLANG_CXX_LANGUAGE_STANDARD = "gnu++0x";
				CLANG_CXX_LIBRARY = "libc++";
				CLANG_ENABLE_MODULES = YES;
				CLANG_ENABLE_OBJC_ARC = YES;
				CLANG_WARN_BOOL_CONVERSION = YES;
				CLANG_WARN_CONSTANT_CONVERSION = YES;
				CLANG_WARN_DIRECT_OBJC_ISA_USAGE = YES_ERROR;
				CLANG_WARN_EMPTY_BODY = YES;
				CLANG_WARN_ENUM_CONVERSION = YES;
				CLANG_WARN_INT_CONVERSION = YES;
				CLANG_WARN_OBJC_ROOT_CLASS = YES_ERROR;
				CLANG_WARN_UNREACHABLE_CODE = YES;
				CLANG_WARN__DUPLICATE_METHOD_MATCH = YES;
				CODE_SIGN_IDENTITY = "iPhone Developer: Rajneesh Vyas (93BP7TD92A)";
				"CODE_SIGN_IDENTITY[sdk=iphoneos*]" = "iPhone Developer: Rajneesh Vyas (93BP7TD92A)";
				COPY_PHASE_STRIP = NO;
				DEBUG_INFORMATION_FORMAT = "dwarf-with-dsym";
				ENABLE_NS_ASSERTIONS = NO;
				ENABLE_STRICT_OBJC_MSGSEND = YES;
				GCC_C_LANGUAGE_STANDARD = gnu99;
				GCC_NO_COMMON_BLOCKS = YES;
				GCC_WARN_64_TO_32_BIT_CONVERSION = YES;
				GCC_WARN_ABOUT_RETURN_TYPE = YES_ERROR;
				GCC_WARN_UNDECLARED_SELECTOR = YES;
				GCC_WARN_UNINITIALIZED_AUTOS = YES_AGGRESSIVE;
				GCC_WARN_UNUSED_FUNCTION = YES;
				GCC_WARN_UNUSED_VARIABLE = YES;
				IPHONEOS_DEPLOYMENT_TARGET = 9.3;
				MTL_ENABLE_DEBUG_INFO = NO;
				PROVISIONING_PROFILE = "75c47475-c53a-4950-8789-61715b4793f6";
				SDKROOT = iphoneos;
				TARGETED_DEVICE_FAMILY = "1,2";
				VALIDATE_PRODUCT = YES;
			};
			name = Release;
		};
		04A823351D7410BA000E5AD4 /* Debug */ = {
			isa = XCBuildConfiguration;
			buildSettings = {
				ASSETCATALOG_COMPILER_APPICON_NAME = AppIcon;
				INFOPLIST_FILE = ExpandableCell/Info.plist;
				LD_RUNPATH_SEARCH_PATHS = "$(inherited) @executable_path/Frameworks";
				PRODUCT_BUNDLE_IDENTIFIER = com.sunarc.example;
				PRODUCT_NAME = "$(TARGET_NAME)";
			};
			name = Debug;
		};
		04A823361D7410BA000E5AD4 /* Release */ = {
			isa = XCBuildConfiguration;
			buildSettings = {
				ASSETCATALOG_COMPILER_APPICON_NAME = AppIcon;
				INFOPLIST_FILE = ExpandableCell/Info.plist;
				LD_RUNPATH_SEARCH_PATHS = "$(inherited) @executable_path/Frameworks";
				PRODUCT_BUNDLE_IDENTIFIER = com.sunarc.example;
				PRODUCT_NAME = "$(TARGET_NAME)";
			};
			name = Release;
		};
/* End XCBuildConfiguration section */

/* Begin XCConfigurationList section */
		04A8231D1D7410B9000E5AD4 /* Build configuration list for PBXProject "ExpandableCell" */ = {
			isa = XCConfigurationList;
			buildConfigurations = (
				04A823321D7410BA000E5AD4 /* Debug */,
				04A823331D7410BA000E5AD4 /* Release */,
			);
			defaultConfigurationIsVisible = 0;
			defaultConfigurationName = Release;
		};
		04A823341D7410BA000E5AD4 /* Build configuration list for PBXNativeTarget "ExpandableCell" */ = {
			isa = XCConfigurationList;
			buildConfigurations = (
				04A823351D7410BA000E5AD4 /* Debug */,
				04A823361D7410BA000E5AD4 /* Release */,
			);
			defaultConfigurationIsVisible = 0;
		};
/* End XCConfigurationList section */
	};
	rootObject = 04A8231A1D7410B9000E5AD4 /* Project object */;
}
